
Microsoft Visual Studio Solution File, Format Version 12.00
# Visual Studio 2012
Project("{FAE04EC0-301F-11D3-BF4B-00C04F79EFBC}") = "OrangeCdToCollectorz", "OrangeCdToCollectorz\OrangeCdToCollectorz.csproj", "{29948F47-ADBE-44DA-AD87-48155FAF4A0C}"
EndProject
Project("{2150E333-8FDC-42A3-9474-1A3956D46DE8}") = "Solution Items", "Solution Items", "{95699782-3B1A-4AF2-82D6-5D7896AC339E}"
EndProject
Global
	GlobalSection(SolutionConfigurationPlatforms) = preSolution
		Debug|Any CPU = Debug|Any CPU
		Release|Any CPU = Release|Any CPU
	EndGlobalSection
	GlobalSection(ProjectConfigurationPlatforms) = postSolution
		{29948F47-ADBE-44DA-AD87-48155FAF4A0C}.Debug|Any CPU.ActiveCfg = Debug|Any CPU
		{29948F47-ADBE-44DA-AD87-48155FAF4A0C}.Debug|Any CPU.Build.0 = Debug|Any CPU
		{29948F47-ADBE-44DA-AD87-48155FAF4A0C}.Release|Any CPU.ActiveCfg = Release|Any CPU
		{29948F47-ADBE-44DA-AD87-48155FAF4A0C}.Release|Any CPU.Build.0 = Release|Any CPU
	EndGlobalSection
	GlobalSection(SolutionProperties) = preSolution
		HideSolutionNode = FALSE
	EndGlobalSection
EndGlobal
